
Microsoft Visual Studio Solution File, Format Version 12.00
# Visual Studio Version 17
VisualStudioVersion = 17.5.33424.131
MinimumVisualStudioVersion = 10.0.40219.1
Project("{FAE04EC0-301F-11D3-BF4B-00C04F79EFBC}") = "Lab03", "Lab03\Lab03.csproj", "{36915C8D-E50C-4452-9212-D465B0F88AEE}"
EndProject
Global
	GlobalSection(SolutionConfigurationPlatforms) = preSolution
		Debug|Any CPU = Debug|Any CPU
		Release|Any CPU = Release|Any CPU
	EndGlobalSection
	GlobalSection(ProjectConfigurationPlatforms) = postSolution
		{36915C8D-E50C-4452-9212-D465B0F88AEE}.Debug|Any CPU.ActiveCfg = Debug|Any CPU
		{36915C8D-E50C-4452-9212-D465B0F88AEE}.Debug|Any CPU.Build.0 = Debug|Any CPU
		{36915C8D-E50C-4452-9212-D465B0F88AEE}.Release|Any CPU.ActiveCfg = Release|Any CPU
		{36915C8D-E50C-4452-9212-D465B0F88AEE}.Release|Any CPU.Build.0 = Release|Any CPU
	EndGlobalSection
	GlobalSection(SolutionProperties) = preSolution
		HideSolutionNode = FALSE
	EndGlobalSection
	GlobalSection(ExtensibilityGlobals) = postSolution
		SolutionGuid = {DECA3EBE-3906-4556-800F-4E3386AF8835}
	EndGlobalSection
EndGlobal
